// !$*UTF8*$!
{
	archiveVersion = 1;
	classes = {
	};
	objectVersion = 51;
	objects = {

/* Begin PBXBuildFile section */
		59577A1C2373066E00DA9427 /* temp.swift in Sources */ = {isa = PBXBuildFile; fileRef = 59577A1B2373066E00DA9427 /* temp.swift */; };
		595B95672371657800FB1978 /* DatePickerPresentationDelegate.swift in Sources */ = {isa = PBXBuildFile; fileRef = 595B95662371657800FB1978 /* DatePickerPresentationDelegate.swift */; };
		595B95692371695100FB1978 /* DatePickerPresentationController.swift in Sources */ = {isa = PBXBuildFile; fileRef = 595B95682371695100FB1978 /* DatePickerPresentationController.swift */; };
		5965170C236C4DF5005B37EC /* AppDelegate.swift in Sources */ = {isa = PBXBuildFile; fileRef = 5965170B236C4DF5005B37EC /* AppDelegate.swift */; };
		5965170E236C4DF5005B37EC /* SceneDelegate.swift in Sources */ = {isa = PBXBuildFile; fileRef = 5965170D236C4DF5005B37EC /* SceneDelegate.swift */; };
		59651710236C4DF5005B37EC /* ViewController.swift in Sources */ = {isa = PBXBuildFile; fileRef = 5965170F236C4DF5005B37EC /* ViewController.swift */; };
		59651713236C4DF5005B37EC /* Main.storyboard in Resources */ = {isa = PBXBuildFile; fileRef = 59651711236C4DF5005B37EC /* Main.storyboard */; };
		59651715236C4DF8005B37EC /* Assets.xcassets in Resources */ = {isa = PBXBuildFile; fileRef = 59651714236C4DF8005B37EC /* Assets.xcassets */; };
		59651718236C4DF8005B37EC /* LaunchScreen.storyboard in Resources */ = {isa = PBXBuildFile; fileRef = 59651716236C4DF8005B37EC /* LaunchScreen.storyboard */; };
		59651722236C4E34005B37EC /* TestModalViewController.swift in Sources */ = {isa = PBXBuildFile; fileRef = 59651720236C4E34005B37EC /* TestModalViewController.swift */; };
		59651723236C4E34005B37EC /* TestModalViewController.xib in Resources */ = {isa = PBXBuildFile; fileRef = 59651721236C4E34005B37EC /* TestModalViewController.xib */; };
		59651727236C6A9D005B37EC /* DatePickerViewController.swift in Sources */ = {isa = PBXBuildFile; fileRef = 59651725236C6A9D005B37EC /* DatePickerViewController.swift */; };
		59651728236C6A9D005B37EC /* DatePickerViewController.xib in Resources */ = {isa = PBXBuildFile; fileRef = 59651726236C6A9D005B37EC /* DatePickerViewController.xib */; };
		BC757EBAD985689C9F748995 /* Pods_Modal_Screen_Tests.framework in Frameworks */ = {isa = PBXBuildFile; fileRef = F59060E04DFFA49EE6057FCF /* Pods_Modal_Screen_Tests.framework */; };
/* End PBXBuildFile section */

/* Begin PBXFileReference section */
		458C32FE025BA6D15DCD9DBB /* Pods-Modal Screen Tests.release.xcconfig */ = {isa = PBXFileReference; includeInIndex = 1; lastKnownFileType = text.xcconfig; name = "Pods-Modal Screen Tests.release.xcconfig"; path = "Target Support Files/Pods-Modal Screen Tests/Pods-Modal Screen Tests.release.xcconfig"; sourceTree = "<group>"; };
		59577A1B2373066E00DA9427 /* temp.swift */ = {isa = PBXFileReference; lastKnownFileType = sourcecode.swift; path = temp.swift; sourceTree = "<group>"; };
		595B95662371657800FB1978 /* DatePickerPresentationDelegate.swift */ = {isa = PBXFileReference; lastKnownFileType = sourcecode.swift; path = DatePickerPresentationDelegate.swift; sourceTree = "<group>"; };
		595B95682371695100FB1978 /* DatePickerPresentationController.swift */ = {isa = PBXFileReference; lastKnownFileType = sourcecode.swift; path = DatePickerPresentationController.swift; sourceTree = "<group>"; };
		59651708236C4DF5005B37EC /* Modal Screen Tests.app */ = {isa = PBXFileReference; explicitFileType = wrapper.application; includeInIndex = 0; path = "Modal Screen Tests.app"; sourceTree = BUILT_PRODUCTS_DIR; };
		5965170B236C4DF5005B37EC /* AppDelegate.swift */ = {isa = PBXFileReference; lastKnownFileType = sourcecode.swift; path = AppDelegate.swift; sourceTree = "<group>"; };
		5965170D236C4DF5005B37EC /* SceneDelegate.swift */ = {isa = PBXFileReference; lastKnownFileType = sourcecode.swift; path = SceneDelegate.swift; sourceTree = "<group>"; };
		5965170F236C4DF5005B37EC /* ViewController.swift */ = {isa = PBXFileReference; lastKnownFileType = sourcecode.swift; path = ViewController.swift; sourceTree = "<group>"; };
		59651712236C4DF5005B37EC /* Base */ = {isa = PBXFileReference; lastKnownFileType = file.storyboard; name = Base; path = Base.lproj/Main.storyboard; sourceTree = "<group>"; };
		59651714236C4DF8005B37EC /* Assets.xcassets */ = {isa = PBXFileReference; lastKnownFileType = folder.assetcatalog; path = Assets.xcassets; sourceTree = "<group>"; };
		59651717236C4DF8005B37EC /* Base */ = {isa = PBXFileReference; lastKnownFileType = file.storyboard; name = Base; path = Base.lproj/LaunchScreen.storyboard; sourceTree = "<group>"; };
		59651719236C4DF8005B37EC /* Info.plist */ = {isa = PBXFileReference; lastKnownFileType = text.plist.xml; path = Info.plist; sourceTree = "<group>"; };
		59651720236C4E34005B37EC /* TestModalViewController.swift */ = {isa = PBXFileReference; lastKnownFileType = sourcecode.swift; path = TestModalViewController.swift; sourceTree = "<group>"; };
		59651721236C4E34005B37EC /* TestModalViewController.xib */ = {isa = PBXFileReference; lastKnownFileType = file.xib; path = TestModalViewController.xib; sourceTree = "<group>"; };
		59651725236C6A9D005B37EC /* DatePickerViewController.swift */ = {isa = PBXFileReference; lastKnownFileType = sourcecode.swift; path = DatePickerViewController.swift; sourceTree = "<group>"; };
		59651726236C6A9D005B37EC /* DatePickerViewController.xib */ = {isa = PBXFileReference; lastKnownFileType = file.xib; path = DatePickerViewController.xib; sourceTree = "<group>"; };
		B02A34910C13066CB9F8F0EB /* Pods-Modal Screen Tests.debug.xcconfig */ = {isa = PBXFileReference; includeInIndex = 1; lastKnownFileType = text.xcconfig; name = "Pods-Modal Screen Tests.debug.xcconfig"; path = "Target Support Files/Pods-Modal Screen Tests/Pods-Modal Screen Tests.debug.xcconfig"; sourceTree = "<group>"; };
		F59060E04DFFA49EE6057FCF /* Pods_Modal_Screen_Tests.framework */ = {isa = PBXFileReference; explicitFileType = wrapper.framework; includeInIndex = 0; path = Pods_Modal_Screen_Tests.framework; sourceTree = BUILT_PRODUCTS_DIR; };
/* End PBXFileReference section */

/* Begin PBXFrameworksBuildPhase section */
		59651705236C4DF5005B37EC /* Frameworks */ = {
			isa = PBXFrameworksBuildPhase;
			buildActionMask = 2147483647;
			files = (
				BC757EBAD985689C9F748995 /* Pods_Modal_Screen_Tests.framework in Frameworks */,
			);
			runOnlyForDeploymentPostprocessing = 0;
		};
/* End PBXFrameworksBuildPhase section */

/* Begin PBXGroup section */
		1218E720DFB12D168CDC9518 /* Frameworks */ = {
			isa = PBXGroup;
			children = (
				F59060E04DFFA49EE6057FCF /* Pods_Modal_Screen_Tests.framework */,
			);
			name = Frameworks;
			sourceTree = "<group>";
		};
		595B95642371643200FB1978 /* DatePickerPresenter */ = {
			isa = PBXGroup;
			children = (
				595B95682371695100FB1978 /* DatePickerPresentationController.swift */,
			);
			path = DatePickerPresenter;
			sourceTree = "<group>";
		};
		595B95652371653B00FB1978 /* DatePickerPresentationDelegate */ = {
			isa = PBXGroup;
			children = (
				595B95662371657800FB1978 /* DatePickerPresentationDelegate.swift */,
			);
			path = DatePickerPresentationDelegate;
			sourceTree = "<group>";
		};
		596516FF236C4DF5005B37EC = {
			isa = PBXGroup;
			children = (
				5965170A236C4DF5005B37EC /* Modal Screen Tests */,
				59651709236C4DF5005B37EC /* Products */,
				BC9548DAB186720DA1397719 /* Pods */,
				1218E720DFB12D168CDC9518 /* Frameworks */,
			);
			sourceTree = "<group>";
		};
		59651709236C4DF5005B37EC /* Products */ = {
			isa = PBXGroup;
			children = (
				59651708236C4DF5005B37EC /* Modal Screen Tests.app */,
			);
			name = Products;
			sourceTree = "<group>";
		};
		5965170A236C4DF5005B37EC /* Modal Screen Tests */ = {
			isa = PBXGroup;
			children = (
				595B95652371653B00FB1978 /* DatePickerPresentationDelegate */,
				595B95642371643200FB1978 /* DatePickerPresenter */,
				59651724236C6634005B37EC /* PopoverViewController */,
				5965171F236C4E0B005B37EC /* ModalViewController */,
				5965170B236C4DF5005B37EC /* AppDelegate.swift */,
				5965170D236C4DF5005B37EC /* SceneDelegate.swift */,
				5965170F236C4DF5005B37EC /* ViewController.swift */,
				59651711236C4DF5005B37EC /* Main.storyboard */,
				59651714236C4DF8005B37EC /* Assets.xcassets */,
				59651716236C4DF8005B37EC /* LaunchScreen.storyboard */,
				59651719236C4DF8005B37EC /* Info.plist */,
				59577A1B2373066E00DA9427 /* temp.swift */,
			);
			path = "Modal Screen Tests";
			sourceTree = "<group>";
		};
		5965171F236C4E0B005B37EC /* ModalViewController */ = {
			isa = PBXGroup;
			children = (
				59651720236C4E34005B37EC /* TestModalViewController.swift */,
				59651721236C4E34005B37EC /* TestModalViewController.xib */,
			);
			path = ModalViewController;
			sourceTree = "<group>";
		};
		59651724236C6634005B37EC /* PopoverViewController */ = {
			isa = PBXGroup;
			children = (
				59651725236C6A9D005B37EC /* DatePickerViewController.swift */,
				59651726236C6A9D005B37EC /* DatePickerViewController.xib */,
			);
			path = PopoverViewController;
			sourceTree = "<group>";
		};
		BC9548DAB186720DA1397719 /* Pods */ = {
			isa = PBXGroup;
			children = (
				B02A34910C13066CB9F8F0EB /* Pods-Modal Screen Tests.debug.xcconfig */,
				458C32FE025BA6D15DCD9DBB /* Pods-Modal Screen Tests.release.xcconfig */,
			);
			path = Pods;
			sourceTree = "<group>";
		};
/* End PBXGroup section */

/* Begin PBXNativeTarget section */
		59651707236C4DF5005B37EC /* Modal Screen Tests */ = {
			isa = PBXNativeTarget;
			buildConfigurationList = 5965171C236C4DF8005B37EC /* Build configuration list for PBXNativeTarget "Modal Screen Tests" */;
			buildPhases = (
				D96A7EF1232A77F7A8AD2E2C /* [CP] Check Pods Manifest.lock */,
				59651704236C4DF5005B37EC /* Sources */,
				59651705236C4DF5005B37EC /* Frameworks */,
				59651706236C4DF5005B37EC /* Resources */,
				FF2E136204D31859D4216961 /* [CP] Embed Pods Frameworks */,
			);
			buildRules = (
			);
			dependencies = (
			);
			name = "Modal Screen Tests";
			productName = "Modal Screen Tests";
			productReference = 59651708236C4DF5005B37EC /* Modal Screen Tests.app */;
			productType = "com.apple.product-type.application";
		};
/* End PBXNativeTarget section */

/* Begin PBXProject section */
		59651700236C4DF5005B37EC /* Project object */ = {
			isa = PBXProject;
			attributes = {
				LastSwiftUpdateCheck = 1110;
				LastUpgradeCheck = 1110;
				ORGANIZATIONNAME = "Sergey Kulikov";
				TargetAttributes = {
					59651707236C4DF5005B37EC = {
						CreatedOnToolsVersion = 11.1;
					};
				};
			};
			buildConfigurationList = 59651703236C4DF5005B37EC /* Build configuration list for PBXProject "Modal Screen Tests" */;
			compatibilityVersion = "Xcode 9.3";
			developmentRegion = en;
			hasScannedForEncodings = 0;
			knownRegions = (
				en,
				Base,
			);
			mainGroup = 596516FF236C4DF5005B37EC;
			productRefGroup = 59651709236C4DF5005B37EC /* Products */;
			projectDirPath = "";
			projectRoot = "";
			targets = (
				59651707236C4DF5005B37EC /* Modal Screen Tests */,
			);
		};
/* End PBXProject section */

/* Begin PBXResourcesBuildPhase section */
		59651706236C4DF5005B37EC /* Resources */ = {
			isa = PBXResourcesBuildPhase;
			buildActionMask = 2147483647;
			files = (
				59651718236C4DF8005B37EC /* LaunchScreen.storyboard in Resources */,
				59651715236C4DF8005B37EC /* Assets.xcassets in Resources */,
				59651713236C4DF5005B37EC /* Main.storyboard in Resources */,
				59651728236C6A9D005B37EC /* DatePickerViewController.xib in Resources */,
				59651723236C4E34005B37EC /* TestModalViewController.xib in Resources */,
			);
			runOnlyForDeploymentPostprocessing = 0;
		};
/* End PBXResourcesBuildPhase section */

/* Begin PBXShellScriptBuildPhase section */
		D96A7EF1232A77F7A8AD2E2C /* [CP] Check Pods Manifest.lock */ = {
			isa = PBXShellScriptBuildPhase;
			buildActionMask = 2147483647;
			files = (
			);
			inputFileListPaths = (
			);
			inputPaths = (
				"${PODS_PODFILE_DIR_PATH}/Podfile.lock",
				"${PODS_ROOT}/Manifest.lock",
			);
			name = "[CP] Check Pods Manifest.lock";
			outputFileListPaths = (
			);
			outputPaths = (
				"$(DERIVED_FILE_DIR)/Pods-Modal Screen Tests-checkManifestLockResult.txt",
			);
			runOnlyForDeploymentPostprocessing = 0;
			shellPath = /bin/sh;
			shellScript = "diff \"${PODS_PODFILE_DIR_PATH}/Podfile.lock\" \"${PODS_ROOT}/Manifest.lock\" > /dev/null\nif [ $? != 0 ] ; then\n    # print error to STDERR\n    echo \"error: The sandbox is not in sync with the Podfile.lock. Run 'pod install' or update your CocoaPods installation.\" >&2\n    exit 1\nfi\n# This output is used by Xcode 'outputs' to avoid re-running this script phase.\necho \"SUCCESS\" > \"${SCRIPT_OUTPUT_FILE_0}\"\n";
			showEnvVarsInLog = 0;
		};
		FF2E136204D31859D4216961 /* [CP] Embed Pods Frameworks */ = {
			isa = PBXShellScriptBuildPhase;
			buildActionMask = 2147483647;
			files = (
			);
			inputFileListPaths = (
				"${PODS_ROOT}/Target Support Files/Pods-Modal Screen Tests/Pods-Modal Screen Tests-frameworks-${CONFIGURATION}-input-files.xcfilelist",
			);
			name = "[CP] Embed Pods Frameworks";
			outputFileListPaths = (
				"${PODS_ROOT}/Target Support Files/Pods-Modal Screen Tests/Pods-Modal Screen Tests-frameworks-${CONFIGURATION}-output-files.xcfilelist",
			);
			runOnlyForDeploymentPostprocessing = 0;
			shellPath = /bin/sh;
			shellScript = "\"${PODS_ROOT}/Target Support Files/Pods-Modal Screen Tests/Pods-Modal Screen Tests-frameworks.sh\"\n";
			showEnvVarsInLog = 0;
		};
/* End PBXShellScriptBuildPhase section */

/* Begin PBXSourcesBuildPhase section */
		59651704236C4DF5005B37EC /* Sources */ = {
			isa = PBXSourcesBuildPhase;
			buildActionMask = 2147483647;
			files = (
				595B95692371695100FB1978 /* DatePickerPresentationController.swift in Sources */,
				59651710236C4DF5005B37EC /* ViewController.swift in Sources */,
				59651727236C6A9D005B37EC /* DatePickerViewController.swift in Sources */,
				5965170C236C4DF5005B37EC /* AppDelegate.swift in Sources */,
				595B95672371657800FB1978 /* DatePickerPresentationDelegate.swift in Sources */,
				5965170E236C4DF5005B37EC /* SceneDelegate.swift in Sources */,
				59651722236C4E34005B37EC /* TestModalViewController.swift in Sources */,
				59577A1C2373066E00DA9427 /* temp.swift in Sources */,
			);
			runOnlyForDeploymentPostprocessing = 0;
		};
/* End PBXSourcesBuildPhase section */

/* Begin PBXVariantGroup section */
		59651711236C4DF5005B37EC /* Main.storyboard */ = {
			isa = PBXVariantGroup;
			children = (
				59651712236C4DF5005B37EC /* Base */,
			);
			name = Main.storyboard;
			sourceTree = "<group>";
		};
		59651716236C4DF8005B37EC /* LaunchScreen.storyboard */ = {
			isa = PBXVariantGroup;
			children = (
				59651717236C4DF8005B37EC /* Base */,
			);
			name = LaunchScreen.storyboard;
			sourceTree = "<group>";
		};
/* End PBXVariantGroup section */

/* Begin XCBuildConfiguration section */
		5965171A236C4DF8005B37EC /* Debug */ = {
			isa = XCBuildConfiguration;
			buildSettings = {
				ALWAYS_SEARCH_USER_PATHS = NO;
				CLANG_ANALYZER_NONNULL = YES;
				CLANG_ANALYZER_NUMBER_OBJECT_CONVERSION = YES_AGGRESSIVE;
				CLANG_CXX_LANGUAGE_STANDARD = "gnu++14";
				CLANG_CXX_LIBRARY = "libc++";
				CLANG_ENABLE_MODULES = YES;
				CLANG_ENABLE_OBJC_ARC = YES;
				CLANG_ENABLE_OBJC_WEAK = YES;
				CLANG_WARN_BLOCK_CAPTURE_AUTORELEASING = YES;
				CLANG_WARN_BOOL_CONVERSION = YES;
				CLANG_WARN_COMMA = YES;
				CLANG_WARN_CONSTANT_CONVERSION = YES;
				CLANG_WARN_DEPRECATED_OBJC_IMPLEMENTATIONS = YES;
				CLANG_WARN_DIRECT_OBJC_ISA_USAGE = YES_ERROR;
				CLANG_WARN_DOCUMENTATION_COMMENTS = YES;
				CLANG_WARN_EMPTY_BODY = YES;
				CLANG_WARN_ENUM_CONVERSION = YES;
				CLANG_WARN_INFINITE_RECURSION = YES;
				CLANG_WARN_INT_CONVERSION = YES;
				CLANG_WARN_NON_LITERAL_NULL_CONVERSION = YES;
				CLANG_WARN_OBJC_IMPLICIT_RETAIN_SELF = YES;
				CLANG_WARN_OBJC_LITERAL_CONVERSION = YES;
				CLANG_WARN_OBJC_ROOT_CLASS = YES_ERROR;
				CLANG_WARN_RANGE_LOOP_ANALYSIS = YES;
				CLANG_WARN_STRICT_PROTOTYPES = YES;
				CLANG_WARN_SUSPICIOUS_MOVE = YES;
				CLANG_WARN_UNGUARDED_AVAILABILITY = YES_AGGRESSIVE;
				CLANG_WARN_UNREACHABLE_CODE = YES;
				CLANG_WARN__DUPLICATE_METHOD_MATCH = YES;
				COPY_PHASE_STRIP = NO;
				DEBUG_INFORMATION_FORMAT = dwarf;
				ENABLE_STRICT_OBJC_MSGSEND = YES;
				ENABLE_TESTABILITY = YES;
				GCC_C_LANGUAGE_STANDARD = gnu11;
				GCC_DYNAMIC_NO_PIC = NO;
				GCC_NO_COMMON_BLOCKS = YES;
				GCC_OPTIMIZATION_LEVEL = 0;
				GCC_PREPROCESSOR_DEFINITIONS = (
					"DEBUG=1",
					"$(inherited)",
				);
				GCC_WARN_64_TO_32_BIT_CONVERSION = YES;
				GCC_WARN_ABOUT_RETURN_TYPE = YES_ERROR;
				GCC_WARN_UNDECLARED_SELECTOR = YES;
				GCC_WARN_UNINITIALIZED_AUTOS = YES_AGGRESSIVE;
				GCC_WARN_UNUSED_FUNCTION = YES;
				GCC_WARN_UNUSED_VARIABLE = YES;
				IPHONEOS_DEPLOYMENT_TARGET = 13.1;
				MTL_ENABLE_DEBUG_INFO = INCLUDE_SOURCE;
				MTL_FAST_MATH = YES;
				ONLY_ACTIVE_ARCH = YES;
				SDKROOT = iphoneos;
				SWIFT_ACTIVE_COMPILATION_CONDITIONS = DEBUG;
				SWIFT_OPTIMIZATION_LEVEL = "-Onone";
			};
			name = Debug;
		};
		5965171B236C4DF8005B37EC /* Release */ = {
			isa = XCBuildConfiguration;
			buildSettings = {
				ALWAYS_SEARCH_USER_PATHS = NO;
				CLANG_ANALYZER_NONNULL = YES;
				CLANG_ANALYZER_NUMBER_OBJECT_CONVERSION = YES_AGGRESSIVE;
				CLANG_CXX_LANGUAGE_STANDARD = "gnu++14";
				CLANG_CXX_LIBRARY = "libc++";
				CLANG_ENABLE_MODULES = YES;
				CLANG_ENABLE_OBJC_ARC = YES;
				CLANG_ENABLE_OBJC_WEAK = YES;
				CLANG_WARN_BLOCK_CAPTURE_AUTORELEASING = YES;
				CLANG_WARN_BOOL_CONVERSION = YES;
				CLANG_WARN_COMMA = YES;
				CLANG_WARN_CONSTANT_CONVERSION = YES;
				CLANG_WARN_DEPRECATED_OBJC_IMPLEMENTATIONS = YES;
				CLANG_WARN_DIRECT_OBJC_ISA_USAGE = YES_ERROR;
				CLANG_WARN_DOCUMENTATION_COMMENTS = YES;
				CLANG_WARN_EMPTY_BODY = YES;
				CLANG_WARN_ENUM_CONVERSION = YES;
				CLANG_WARN_INFINITE_RECURSION = YES;
				CLANG_WARN_INT_CONVERSION = YES;
				CLANG_WARN_NON_LITERAL_NULL_CONVERSION = YES;
				CLANG_WARN_OBJC_IMPLICIT_RETAIN_SELF = YES;
				CLANG_WARN_OBJC_LITERAL_CONVERSION = YES;
				CLANG_WARN_OBJC_ROOT_CLASS = YES_ERROR;
				CLANG_WARN_RANGE_LOOP_ANALYSIS = YES;
				CLANG_WARN_STRICT_PROTOTYPES = YES;
				CLANG_WARN_SUSPICIOUS_MOVE = YES;
				CLANG_WARN_UNGUARDED_AVAILABILITY = YES_AGGRESSIVE;
				CLANG_WARN_UNREACHABLE_CODE = YES;
				CLANG_WARN__DUPLICATE_METHOD_MATCH = YES;
				COPY_PHASE_STRIP = NO;
				DEBUG_INFORMATION_FORMAT = "dwarf-with-dsym";
				ENABLE_NS_ASSERTIONS = NO;
				ENABLE_STRICT_OBJC_MSGSEND = YES;
				GCC_C_LANGUAGE_STANDARD = gnu11;
				GCC_NO_COMMON_BLOCKS = YES;
				GCC_WARN_64_TO_32_BIT_CONVERSION = YES;
				GCC_WARN_ABOUT_RETURN_TYPE = YES_ERROR;
				GCC_WARN_UNDECLARED_SELECTOR = YES;
				GCC_WARN_UNINITIALIZED_AUTOS = YES_AGGRESSIVE;
				GCC_WARN_UNUSED_FUNCTION = YES;
				GCC_WARN_UNUSED_VARIABLE = YES;
				IPHONEOS_DEPLOYMENT_TARGET = 13.1;
				MTL_ENABLE_DEBUG_INFO = NO;
				MTL_FAST_MATH = YES;
				SDKROOT = iphoneos;
				SWIFT_COMPILATION_MODE = wholemodule;
				SWIFT_OPTIMIZATION_LEVEL = "-O";
				VALIDATE_PRODUCT = YES;
			};
			name = Release;
		};
		5965171D236C4DF8005B37EC /* Debug */ = {
			isa = XCBuildConfiguration;
			baseConfigurationReference = B02A34910C13066CB9F8F0EB /* Pods-Modal Screen Tests.debug.xcconfig */;
			buildSettings = {
				ASSETCATALOG_COMPILER_APPICON_NAME = AppIcon;
				CODE_SIGN_STYLE = Automatic;
				DEVELOPMENT_TEAM = K33J7AD8C7;
				INFOPLIST_FILE = "Modal Screen Tests/Info.plist";
				LD_RUNPATH_SEARCH_PATHS = (
					"$(inherited)",
					"@executable_path/Frameworks",
				);
				PRODUCT_BUNDLE_IDENTIFIER = "fde.Modal-Screen-Tests";
				PRODUCT_NAME = "$(TARGET_NAME)";
				SWIFT_VERSION = 5.0;
				TARGETED_DEVICE_FAMILY = "1,2";
			};
			name = Debug;
		};
		5965171E236C4DF8005B37EC /* Release */ = {
			isa = XCBuildConfiguration;
			baseConfigurationReference = 458C32FE025BA6D15DCD9DBB /* Pods-Modal Screen Tests.release.xcconfig */;
			buildSettings = {
				ASSETCATALOG_COMPILER_APPICON_NAME = AppIcon;
				CODE_SIGN_STYLE = Automatic;
				DEVELOPMENT_TEAM = K33J7AD8C7;
				INFOPLIST_FILE = "Modal Screen Tests/Info.plist";
				LD_RUNPATH_SEARCH_PATHS = (
					"$(inherited)",
					"@executable_path/Frameworks",
				);
				PRODUCT_BUNDLE_IDENTIFIER = "fde.Modal-Screen-Tests";
				PRODUCT_NAME = "$(TARGET_NAME)";
				SWIFT_VERSION = 5.0;
				TARGETED_DEVICE_FAMILY = "1,2";
			};
			name = Release;
		};
/* End XCBuildConfiguration section */

/* Begin XCConfigurationList section */
		59651703236C4DF5005B37EC /* Build configuration list for PBXProject "Modal Screen Tests" */ = {
			isa = XCConfigurationList;
			buildConfigurations = (
				5965171A236C4DF8005B37EC /* Debug */,
				5965171B236C4DF8005B37EC /* Release */,
			);
			defaultConfigurationIsVisible = 0;
			defaultConfigurationName = Release;
		};
		5965171C236C4DF8005B37EC /* Build configuration list for PBXNativeTarget "Modal Screen Tests" */ = {
			isa = XCConfigurationList;
			buildConfigurations = (
				5965171D236C4DF8005B37EC /* Debug */,
				5965171E236C4DF8005B37EC /* Release */,
			);
			defaultConfigurationIsVisible = 0;
			defaultConfigurationName = Release;
		};
/* End XCConfigurationList section */
	};
	rootObject = 59651700236C4DF5005B37EC /* Project object */;
}
